
Microsoft Visual Studio Solution File, Format Version 12.00
# Visual Studio 2013
VisualStudioVersion = 12.0.40629.0
MinimumVisualStudioVersion = 10.0.40219.1
Project("{FAE04EC0-301F-11D3-BF4B-00C04F79EFBC}") = "Core", "Core\Core.csproj", "{BF2F4A19-97C9-46E1-910C-9C4FE46C00F1}"
EndProject
Project("{FAE04EC0-301F-11D3-BF4B-00C04F79EFBC}") = "Core.Tests", "Core.Tests\Core.Tests.csproj", "{27ED3753-6462-4EA3-B75A-5458332C8E66}"
EndProject
Project("{FAE04EC0-301F-11D3-BF4B-00C04F79EFBC}") = "Derived.IntegrationTests", "Derived.IntegrationTests\Derived.IntegrationTests.csproj", "{20BE0A76-5563-4EB7-8B84-CA4190D65B0C}"
EndProject
Project("{FAE04EC0-301F-11D3-BF4B-00C04F79EFBC}") = "Derived", "Derived\Derived.csproj", "{42FD7282-AD98-4A6D-83D5-2C16D8B47F48}"
EndProject
Project("{FAE04EC0-301F-11D3-BF4B-00C04F79EFBC}") = "Derived.Specs", "Derived.Specs\Derived.Specs.csproj", "{69AFB880-8A18-4FBC-B22B-0EAF8626B3E5}"
EndProject
Project("{FAE04EC0-301F-11D3-BF4B-00C04F79EFBC}") = "Core.TestInfrastructure", "Core.TestInfrastructure\Core.TestInfrastructure.csproj", "{3E2F7874-3AF0-4BC1-B888-E460A74A507E}"
EndProject
Project("{FAE04EC0-301F-11D3-BF4B-00C04F79EFBC}") = "Derived.Tests", "Derived.Tests\Derived.Tests.csproj", "{9769EA96-6D31-489F-93C5-AB173AF03765}"
EndProject
Global
	GlobalSection(SolutionConfigurationPlatforms) = preSolution
		Debug|Any CPU = Debug|Any CPU
		Release|Any CPU = Release|Any CPU
	EndGlobalSection
	GlobalSection(ProjectConfigurationPlatforms) = postSolution
		{BF2F4A19-97C9-46E1-910C-9C4FE46C00F1}.Debug|Any CPU.ActiveCfg = Debug|Any CPU
		{BF2F4A19-97C9-46E1-910C-9C4FE46C00F1}.Debug|Any CPU.Build.0 = Debug|Any CPU
		{BF2F4A19-97C9-46E1-910C-9C4FE46C00F1}.Release|Any CPU.ActiveCfg = Release|Any CPU
		{BF2F4A19-97C9-46E1-910C-9C4FE46C00F1}.Release|Any CPU.Build.0 = Release|Any CPU
		{27ED3753-6462-4EA3-B75A-5458332C8E66}.Debug|Any CPU.ActiveCfg = Debug|Any CPU
		{27ED3753-6462-4EA3-B75A-5458332C8E66}.Debug|Any CPU.Build.0 = Debug|Any CPU
		{27ED3753-6462-4EA3-B75A-5458332C8E66}.Release|Any CPU.ActiveCfg = Release|Any CPU
		{27ED3753-6462-4EA3-B75A-5458332C8E66}.Release|Any CPU.Build.0 = Release|Any CPU
		{20BE0A76-5563-4EB7-8B84-CA4190D65B0C}.Debug|Any CPU.ActiveCfg = Debug|Any CPU
		{20BE0A76-5563-4EB7-8B84-CA4190D65B0C}.Debug|Any CPU.Build.0 = Debug|Any CPU
		{20BE0A76-5563-4EB7-8B84-CA4190D65B0C}.Release|Any CPU.ActiveCfg = Release|Any CPU
		{20BE0A76-5563-4EB7-8B84-CA4190D65B0C}.Release|Any CPU.Build.0 = Release|Any CPU
		{42FD7282-AD98-4A6D-83D5-2C16D8B47F48}.Debug|Any CPU.ActiveCfg = Debug|Any CPU
		{42FD7282-AD98-4A6D-83D5-2C16D8B47F48}.Debug|Any CPU.Build.0 = Debug|Any CPU
		{42FD7282-AD98-4A6D-83D5-2C16D8B47F48}.Release|Any CPU.ActiveCfg = Release|Any CPU
		{42FD7282-AD98-4A6D-83D5-2C16D8B47F48}.Release|Any CPU.Build.0 = Release|Any CPU
		{69AFB880-8A18-4FBC-B22B-0EAF8626B3E5}.Debug|Any CPU.ActiveCfg = Debug|Any CPU
		{69AFB880-8A18-4FBC-B22B-0EAF8626B3E5}.Debug|Any CPU.Build.0 = Debug|Any CPU
		{69AFB880-8A18-4FBC-B22B-0EAF8626B3E5}.Release|Any CPU.ActiveCfg = Release|Any CPU
		{69AFB880-8A18-4FBC-B22B-0EAF8626B3E5}.Release|Any CPU.Build.0 = Release|Any CPU
		{3E2F7874-3AF0-4BC1-B888-E460A74A507E}.Debug|Any CPU.ActiveCfg = Debug|Any CPU
		{3E2F7874-3AF0-4BC1-B888-E460A74A507E}.Debug|Any CPU.Build.0 = Debug|Any CPU
		{3E2F7874-3AF0-4BC1-B888-E460A74A507E}.Release|Any CPU.ActiveCfg = Release|Any CPU
		{3E2F7874-3AF0-4BC1-B888-E460A74A507E}.Release|Any CPU.Build.0 = Release|Any CPU
		{9769EA96-6D31-489F-93C5-AB173AF03765}.Debug|Any CPU.ActiveCfg = Debug|Any CPU
		{9769EA96-6D31-489F-93C5-AB173AF03765}.Debug|Any CPU.Build.0 = Debug|Any CPU
		{9769EA96-6D31-489F-93C5-AB173AF03765}.Release|Any CPU.ActiveCfg = Release|Any CPU
		{9769EA96-6D31-489F-93C5-AB173AF03765}.Release|Any CPU.Build.0 = Release|Any CPU
	EndGlobalSection
	GlobalSection(SolutionProperties) = preSolution
		HideSolutionNode = FALSE
	EndGlobalSection
EndGlobal
